
Microsoft Visual Studio Solution File, Format Version 12.00
# Visual Studio Version 17
VisualStudioVersion = 17.0.31903.59
MinimumVisualStudioVersion = 10.0.40219.1
Project("{FAE04EC0-301F-11D3-BF4B-00C04F79EFBC}") = "FishGfx", "FishGfx\FishGfx.csproj", "{CAA97696-2CE8-4322-9611-578AB5C49D4D}"
EndProject
Project("{FAE04EC0-301F-11D3-BF4B-00C04F79EFBC}") = "FishGfx.SmokeTest", "FishGfx.SmokeTest\FishGfx.SmokeTest.csproj", "{770EF5BE-C1D2-4045-9545-C883B28203A3}"
EndProject
Project("{FAE04EC0-301F-11D3-BF4B-00C04F79EFBC}") = "FishGfx.Tests", "FishGfx.Tests\FishGfx.Tests.csproj", "{01245513-5581-440D-89EE-B1BC646A1E8B}"
EndProject
Global
	GlobalSection(SolutionConfigurationPlatforms) = preSolution
		Debug|Any CPU = Debug|Any CPU
		Debug|x64 = Debug|x64
		Debug|x86 = Debug|x86
		Release|Any CPU = Release|Any CPU
		Release|x64 = Release|x64
		Release|x86 = Release|x86
	EndGlobalSection
	GlobalSection(ProjectConfigurationPlatforms) = postSolution
		{CAA97696-2CE8-4322-9611-578AB5C49D4D}.Debug|Any CPU.ActiveCfg = Debug|Any CPU
		{CAA97696-2CE8-4322-9611-578AB5C49D4D}.Debug|Any CPU.Build.0 = Debug|Any CPU
		{CAA97696-2CE8-4322-9611-578AB5C49D4D}.Debug|x64.ActiveCfg = Debug|Any CPU
		{CAA97696-2CE8-4322-9611-578AB5C49D4D}.Debug|x64.Build.0 = Debug|Any CPU
		{CAA97696-2CE8-4322-9611-578AB5C49D4D}.Debug|x86.ActiveCfg = Debug|Any CPU
		{CAA97696-2CE8-4322-9611-578AB5C49D4D}.Debug|x86.Build.0 = Debug|Any CPU
		{CAA97696-2CE8-4322-9611-578AB5C49D4D}.Release|Any CPU.ActiveCfg = Release|Any CPU
		{CAA97696-2CE8-4322-9611-578AB5C49D4D}.Release|Any CPU.Build.0 = Release|Any CPU
		{CAA97696-2CE8-4322-9611-578AB5C49D4D}.Release|x64.ActiveCfg = Release|Any CPU
		{CAA97696-2CE8-4322-9611-578AB5C49D4D}.Release|x64.Build.0 = Release|Any CPU
		{CAA97696-2CE8-4322-9611-578AB5C49D4D}.Release|x86.ActiveCfg = Release|Any CPU
		{CAA97696-2CE8-4322-9611-578AB5C49D4D}.Release|x86.Build.0 = Release|Any CPU
		{770EF5BE-C1D2-4045-9545-C883B28203A3}.Debug|Any CPU.ActiveCfg = Debug|Any CPU
		{770EF5BE-C1D2-4045-9545-C883B28203A3}.Debug|Any CPU.Build.0 = Debug|Any CPU
		{770EF5BE-C1D2-4045-9545-C883B28203A3}.Debug|x64.ActiveCfg = Debug|Any CPU
		{770EF5BE-C1D2-4045-9545-C883B28203A3}.Debug|x64.Build.0 = Debug|Any CPU
		{770EF5BE-C1D2-4045-9545-C883B28203A3}.Debug|x86.ActiveCfg = Debug|Any CPU
		{770EF5BE-C1D2-4045-9545-C883B28203A3}.Debug|x86.Build.0 = Debug|Any CPU
		{770EF5BE-C1D2-4045-9545-C883B28203A3}.Release|Any CPU.ActiveCfg = Release|Any CPU
		{770EF5BE-C1D2-4045-9545-C883B28203A3}.Release|Any CPU.Build.0 = Release|Any CPU
		{770EF5BE-C1D2-4045-9545-C883B28203A3}.Release|x64.ActiveCfg = Release|Any CPU
		{770EF5BE-C1D2-4045-9545-C883B28203A3}.Release|x64.Build.0 = Release|Any CPU
		{770EF5BE-C1D2-4045-9545-C883B28203A3}.Release|x86.ActiveCfg = Release|Any CPU
		{770EF5BE-C1D2-4045-9545-C883B28203A3}.Release|x86.Build.0 = Release|Any CPU
		{01245513-5581-440D-89EE-B1BC646A1E8B}.Debug|Any CPU.ActiveCfg = Debug|Any CPU
		{01245513-5581-440D-89EE-B1BC646A1E8B}.Debug|Any CPU.Build.0 = Debug|Any CPU
		{01245513-5581-440D-89EE-B1BC646A1E8B}.Debug|x64.ActiveCfg = Debug|Any CPU
		{01245513-5581-440D-89EE-B1BC646A1E8B}.Debug|x64.Build.0 = Debug|Any CPU
		{01245513-5581-440D-89EE-B1BC646A1E8B}.Debug|x86.ActiveCfg = Debug|Any CPU
		{01245513-5581-440D-89EE-B1BC646A1E8B}.Debug|x86.Build.0 = Debug|Any CPU
		{01245513-5581-440D-89EE-B1BC646A1E8B}.Release|Any CPU.ActiveCfg = Release|Any CPU
		{01245513-5581-440D-89EE-B1BC646A1E8B}.Release|Any CPU.Build.0 = Release|Any CPU
		{01245513-5581-440D-89EE-B1BC646A1E8B}.Release|x64.ActiveCfg = Release|Any CPU
		{01245513-5581-440D-89EE-B1BC646A1E8B}.Release|x64.Build.0 = Release|Any CPU
		{01245513-5581-440D-89EE-B1BC646A1E8B}.Release|x86.ActiveCfg = Release|Any CPU
		{01245513-5581-440D-89EE-B1BC646A1E8B}.Release|x86.Build.0 = Release|Any CPU
	EndGlobalSection
	GlobalSection(SolutionProperties) = preSolution
		HideSolutionNode = FALSE
	EndGlobalSection
EndGlobal
