
Microsoft Visual Studio Solution File, Format Version 12.00
# Visual Studio 15
VisualStudioVersion = 15.0.27130.2027
MinimumVisualStudioVersion = 10.0.40219.1
Project("{FAE04EC0-301F-11D3-BF4B-00C04F79EFBC}") = "FishGfx", "FishGfx\FishGfx.csproj", "{9D55CABD-BA2D-4FB2-8156-82CEA30B15B9}"
EndProject
Project("{FAE04EC0-301F-11D3-BF4B-00C04F79EFBC}") = "Test", "Test\Test.csproj", "{84133B8B-65E1-4C23-A9EA-4FCEB6ACDF79}"
EndProject
Project("{FAE04EC0-301F-11D3-BF4B-00C04F79EFBC}") = "VectorPFM", "VectorPFM\VectorPFM.csproj", "{291F2794-D481-46AC-A2E2-5BC2DF15EF34}"
EndProject
Global
	GlobalSection(SolutionConfigurationPlatforms) = preSolution
		Debug|Any CPU = Debug|Any CPU
		Release|Any CPU = Release|Any CPU
	EndGlobalSection
	GlobalSection(ProjectConfigurationPlatforms) = postSolution
		{9D55CABD-BA2D-4FB2-8156-82CEA30B15B9}.Debug|Any CPU.ActiveCfg = Debug|Any CPU
		{9D55CABD-BA2D-4FB2-8156-82CEA30B15B9}.Debug|Any CPU.Build.0 = Debug|Any CPU
		{9D55CABD-BA2D-4FB2-8156-82CEA30B15B9}.Release|Any CPU.ActiveCfg = Release|Any CPU
		{9D55CABD-BA2D-4FB2-8156-82CEA30B15B9}.Release|Any CPU.Build.0 = Release|Any CPU
		{84133B8B-65E1-4C23-A9EA-4FCEB6ACDF79}.Debug|Any CPU.ActiveCfg = Debug|Any CPU
		{84133B8B-65E1-4C23-A9EA-4FCEB6ACDF79}.Debug|Any CPU.Build.0 = Debug|Any CPU
		{84133B8B-65E1-4C23-A9EA-4FCEB6ACDF79}.Release|Any CPU.ActiveCfg = Release|Any CPU
		{84133B8B-65E1-4C23-A9EA-4FCEB6ACDF79}.Release|Any CPU.Build.0 = Release|Any CPU
		{291F2794-D481-46AC-A2E2-5BC2DF15EF34}.Debug|Any CPU.ActiveCfg = Debug|Any CPU
		{291F2794-D481-46AC-A2E2-5BC2DF15EF34}.Debug|Any CPU.Build.0 = Debug|Any CPU
		{291F2794-D481-46AC-A2E2-5BC2DF15EF34}.Release|Any CPU.ActiveCfg = Release|Any CPU
		{291F2794-D481-46AC-A2E2-5BC2DF15EF34}.Release|Any CPU.Build.0 = Release|Any CPU
	EndGlobalSection
	GlobalSection(SolutionProperties) = preSolution
		HideSolutionNode = FALSE
	EndGlobalSection
	GlobalSection(ExtensibilityGlobals) = postSolution
		SolutionGuid = {E95F3356-9E66-4F82-A387-4BA8471D9D7A}
	EndGlobalSection
EndGlobal
